# This file is automatically @generated by Cargo.
# It is not intended for manual editing.
[[package]]
name = "chfideal"
version = "0.1.0"

[[package]]
name = "choprt"
version = "0.1.0"

[[package]]
name = "fancy"
version = "0.1.0"

[[package]]
name = "hp18"
version = "0.1.0"

[[package]]
name = "intest"
version = "0.1.0"

[[package]]
name = "mgame"
version = "0.1.0"

[[package]]
name = "validstk"
version = "0.1.0"

